
Microsoft Visual Studio Solution File, Format Version 12.00
# Visual Studio Version 16
VisualStudioVersion = 16.0.29418.71
MinimumVisualStudioVersion = 10.0.40219.1
Project("{FAE04EC0-301F-11D3-BF4B-00C04F79EFBC}") = "LINQ", "LINQ\LINQ.csproj", "{36EB6F19-BFCC-4FB3-A779-87A55314BC5A}"
EndProject
Project("{FAE04EC0-301F-11D3-BF4B-00C04F79EFBC}") = "XUnitTestLINQ", "XUnitTestLINQ\XUnitTestLINQ.csproj", "{91B1350A-CD19-4149-A4D0-75599B22DFF2}"
EndProject
Global
	GlobalSection(SolutionConfigurationPlatforms) = preSolution
		Debug|Any CPU = Debug|Any CPU
		Release|Any CPU = Release|Any CPU
	EndGlobalSection
	GlobalSection(ProjectConfigurationPlatforms) = postSolution
		{36EB6F19-BFCC-4FB3-A779-87A55314BC5A}.Debug|Any CPU.ActiveCfg = Debug|Any CPU
		{36EB6F19-BFCC-4FB3-A779-87A55314BC5A}.Debug|Any CPU.Build.0 = Debug|Any CPU
		{36EB6F19-BFCC-4FB3-A779-87A55314BC5A}.Release|Any CPU.ActiveCfg = Release|Any CPU
		{36EB6F19-BFCC-4FB3-A779-87A55314BC5A}.Release|Any CPU.Build.0 = Release|Any CPU
		{91B1350A-CD19-4149-A4D0-75599B22DFF2}.Debug|Any CPU.ActiveCfg = Debug|Any CPU
		{91B1350A-CD19-4149-A4D0-75599B22DFF2}.Debug|Any CPU.Build.0 = Debug|Any CPU
		{91B1350A-CD19-4149-A4D0-75599B22DFF2}.Release|Any CPU.ActiveCfg = Release|Any CPU
		{91B1350A-CD19-4149-A4D0-75599B22DFF2}.Release|Any CPU.Build.0 = Release|Any CPU
	EndGlobalSection
	GlobalSection(SolutionProperties) = preSolution
		HideSolutionNode = FALSE
	EndGlobalSection
	GlobalSection(ExtensibilityGlobals) = postSolution
		SolutionGuid = {78050676-77F8-4624-B01C-B6E0092EE14C}
	EndGlobalSection
EndGlobal
